// !$*UTF8*$!
{
	archiveVersion = 1;
	classes = {
	};
	objectVersion = 46;
	objects = {

/* Begin PBXBuildFile section */
		2899B6941D17DCB900E5AB5A /* AppDelegate.swift in Sources */ = {isa = PBXBuildFile; fileRef = 2899B6931D17DCB900E5AB5A /* AppDelegate.swift */; };
		2899B6991D17DCB900E5AB5A /* Main.storyboard in Resources */ = {isa = PBXBuildFile; fileRef = 2899B6971D17DCB900E5AB5A /* Main.storyboard */; };
		2899B69B1D17DCB900E5AB5A /* Assets.xcassets in Resources */ = {isa = PBXBuildFile; fileRef = 2899B69A1D17DCB900E5AB5A /* Assets.xcassets */; };
		2899B69E1D17DCB900E5AB5A /* LaunchScreen.storyboard in Resources */ = {isa = PBXBuildFile; fileRef = 2899B69C1D17DCB900E5AB5A /* LaunchScreen.storyboard */; };
		2899B6A61D17DD8600E5AB5A /* DLCardViewViewController.swift in Sources */ = {isa = PBXBuildFile; fileRef = 2899B6A51D17DD8600E5AB5A /* DLCardViewViewController.swift */; };
		2899B6A81D17DDC400E5AB5A /* DLCardViewCollectionViewLayout.swift in Sources */ = {isa = PBXBuildFile; fileRef = 2899B6A71D17DDC400E5AB5A /* DLCardViewCollectionViewLayout.swift */; };
		2899B6AA1D17DDEC00E5AB5A /* DLCardViewCollectionViewLayoutAttribute.swift in Sources */ = {isa = PBXBuildFile; fileRef = 2899B6A91D17DDEC00E5AB5A /* DLCardViewCollectionViewLayoutAttribute.swift */; };
		2899B6AC1D17DE0200E5AB5A /* DLCardViewCollectionViewCell.swift in Sources */ = {isa = PBXBuildFile; fileRef = 2899B6AB1D17DE0200E5AB5A /* DLCardViewCollectionViewCell.swift */; };
/* End PBXBuildFile section */

/* Begin PBXFileReference section */
		2899B6901D17DCB900E5AB5A /* DLCardViewCollectionView.app */ = {isa = PBXFileReference; explicitFileType = wrapper.application; includeInIndex = 0; path = DLCardViewCollectionView.app; sourceTree = BUILT_PRODUCTS_DIR; };
		2899B6931D17DCB900E5AB5A /* AppDelegate.swift */ = {isa = PBXFileReference; lastKnownFileType = sourcecode.swift; path = AppDelegate.swift; sourceTree = "<group>"; };
		2899B6981D17DCB900E5AB5A /* Base */ = {isa = PBXFileReference; lastKnownFileType = file.storyboard; name = Base; path = Base.lproj/Main.storyboard; sourceTree = "<group>"; };
		2899B69A1D17DCB900E5AB5A /* Assets.xcassets */ = {isa = PBXFileReference; lastKnownFileType = folder.assetcatalog; path = Assets.xcassets; sourceTree = "<group>"; };
		2899B69D1D17DCB900E5AB5A /* Base */ = {isa = PBXFileReference; lastKnownFileType = file.storyboard; name = Base; path = Base.lproj/LaunchScreen.storyboard; sourceTree = "<group>"; };
		2899B69F1D17DCB900E5AB5A /* Info.plist */ = {isa = PBXFileReference; lastKnownFileType = text.plist.xml; path = Info.plist; sourceTree = "<group>"; };
		2899B6A51D17DD8600E5AB5A /* DLCardViewViewController.swift */ = {isa = PBXFileReference; fileEncoding = 4; lastKnownFileType = sourcecode.swift; path = DLCardViewViewController.swift; sourceTree = "<group>"; };
		2899B6A71D17DDC400E5AB5A /* DLCardViewCollectionViewLayout.swift */ = {isa = PBXFileReference; fileEncoding = 4; lastKnownFileType = sourcecode.swift; path = DLCardViewCollectionViewLayout.swift; sourceTree = "<group>"; };
		2899B6A91D17DDEC00E5AB5A /* DLCardViewCollectionViewLayoutAttribute.swift */ = {isa = PBXFileReference; fileEncoding = 4; lastKnownFileType = sourcecode.swift; path = DLCardViewCollectionViewLayoutAttribute.swift; sourceTree = "<group>"; };
		2899B6AB1D17DE0200E5AB5A /* DLCardViewCollectionViewCell.swift */ = {isa = PBXFileReference; fileEncoding = 4; lastKnownFileType = sourcecode.swift; path = DLCardViewCollectionViewCell.swift; sourceTree = "<group>"; };
/* End PBXFileReference section */

/* Begin PBXFrameworksBuildPhase section */
		2899B68D1D17DCB900E5AB5A /* Frameworks */ = {
			isa = PBXFrameworksBuildPhase;
			buildActionMask = 2147483647;
			files = (
			);
			runOnlyForDeploymentPostprocessing = 0;
		};
/* End PBXFrameworksBuildPhase section */

/* Begin PBXGroup section */
		2899B6871D17DCB900E5AB5A = {
			isa = PBXGroup;
			children = (
				2899B6921D17DCB900E5AB5A /* DLCardViewCollectionView */,
				2899B6911D17DCB900E5AB5A /* Products */,
			);
			sourceTree = "<group>";
		};
		2899B6911D17DCB900E5AB5A /* Products */ = {
			isa = PBXGroup;
			children = (
				2899B6901D17DCB900E5AB5A /* DLCardViewCollectionView.app */,
			);
			name = Products;
			sourceTree = "<group>";
		};
		2899B6921D17DCB900E5AB5A /* DLCardViewCollectionView */ = {
			isa = PBXGroup;
			children = (
				2899B6A51D17DD8600E5AB5A /* DLCardViewViewController.swift */,
				2899B6A71D17DDC400E5AB5A /* DLCardViewCollectionViewLayout.swift */,
				2899B6A91D17DDEC00E5AB5A /* DLCardViewCollectionViewLayoutAttribute.swift */,
				2899B6AB1D17DE0200E5AB5A /* DLCardViewCollectionViewCell.swift */,
				2899B6931D17DCB900E5AB5A /* AppDelegate.swift */,
				2899B6971D17DCB900E5AB5A /* Main.storyboard */,
				2899B69A1D17DCB900E5AB5A /* Assets.xcassets */,
				2899B69C1D17DCB900E5AB5A /* LaunchScreen.storyboard */,
				2899B69F1D17DCB900E5AB5A /* Info.plist */,
			);
			path = DLCardViewCollectionView;
			sourceTree = "<group>";
		};
/* End PBXGroup section */

/* Begin PBXNativeTarget section */
		2899B68F1D17DCB900E5AB5A /* DLCardViewCollectionView */ = {
			isa = PBXNativeTarget;
			buildConfigurationList = 2899B6A21D17DCB900E5AB5A /* Build configuration list for PBXNativeTarget "DLCardViewCollectionView" */;
			buildPhases = (
				2899B68C1D17DCB900E5AB5A /* Sources */,
				2899B68D1D17DCB900E5AB5A /* Frameworks */,
				2899B68E1D17DCB900E5AB5A /* Resources */,
			);
			buildRules = (
			);
			dependencies = (
			);
			name = DLCardViewCollectionView;
			productName = DLCardViewCollectionView;
			productReference = 2899B6901D17DCB900E5AB5A /* DLCardViewCollectionView.app */;
			productType = "com.apple.product-type.application";
		};
/* End PBXNativeTarget section */

/* Begin PBXProject section */
		2899B6881D17DCB900E5AB5A /* Project object */ = {
			isa = PBXProject;
			attributes = {
				LastSwiftUpdateCheck = 0730;
				LastUpgradeCheck = 0730;
				ORGANIZATIONNAME = "Dinh Luu";
				TargetAttributes = {
					2899B68F1D17DCB900E5AB5A = {
						CreatedOnToolsVersion = 7.3.1;
					};
				};
			};
			buildConfigurationList = 2899B68B1D17DCB900E5AB5A /* Build configuration list for PBXProject "DLCardViewCollectionView" */;
			compatibilityVersion = "Xcode 3.2";
			developmentRegion = English;
			hasScannedForEncodings = 0;
			knownRegions = (
				en,
				Base,
			);
			mainGroup = 2899B6871D17DCB900E5AB5A;
			productRefGroup = 2899B6911D17DCB900E5AB5A /* Products */;
			projectDirPath = "";
			projectRoot = "";
			targets = (
				2899B68F1D17DCB900E5AB5A /* DLCardViewCollectionView */,
			);
		};
/* End PBXProject section */

/* Begin PBXResourcesBuildPhase section */
		2899B68E1D17DCB900E5AB5A /* Resources */ = {
			isa = PBXResourcesBuildPhase;
			buildActionMask = 2147483647;
			files = (
				2899B69E1D17DCB900E5AB5A /* LaunchScreen.storyboard in Resources */,
				2899B69B1D17DCB900E5AB5A /* Assets.xcassets in Resources */,
				2899B6991D17DCB900E5AB5A /* Main.storyboard in Resources */,
			);
			runOnlyForDeploymentPostprocessing = 0;
		};
/* End PBXResourcesBuildPhase section */

/* Begin PBXSourcesBuildPhase section */
		2899B68C1D17DCB900E5AB5A /* Sources */ = {
			isa = PBXSourcesBuildPhase;
			buildActionMask = 2147483647;
			files = (
				2899B6941D17DCB900E5AB5A /* AppDelegate.swift in Sources */,
				2899B6AC1D17DE0200E5AB5A /* DLCardViewCollectionViewCell.swift in Sources */,
				2899B6A81D17DDC400E5AB5A /* DLCardViewCollectionViewLayout.swift in Sources */,
				2899B6AA1D17DDEC00E5AB5A /* DLCardViewCollectionViewLayoutAttribute.swift in Sources */,
				2899B6A61D17DD8600E5AB5A /* DLCardViewViewController.swift in Sources */,
			);
			runOnlyForDeploymentPostprocessing = 0;
		};
/* End PBXSourcesBuildPhase section */

/* Begin PBXVariantGroup section */
		2899B6971D17DCB900E5AB5A /* Main.storyboard */ = {
			isa = PBXVariantGroup;
			children = (
				2899B6981D17DCB900E5AB5A /* Base */,
			);
			name = Main.storyboard;
			sourceTree = "<group>";
		};
		2899B69C1D17DCB900E5AB5A /* LaunchScreen.storyboard */ = {
			isa = PBXVariantGroup;
			children = (
				2899B69D1D17DCB900E5AB5A /* Base */,
			);
			name = LaunchScreen.storyboard;
			sourceTree = "<group>";
		};
/* End PBXVariantGroup section */

/* Begin XCBuildConfiguration section */
		2899B6A01D17DCB900E5AB5A /* Debug */ = {
			isa = XCBuildConfiguration;
			buildSettings = {
				ALWAYS_SEARCH_USER_PATHS = NO;
				CLANG_ANALYZER_NONNULL = YES;
				CLANG_CXX_LANGUAGE_STANDARD = "gnu++0x";
				CLANG_CXX_LIBRARY = "libc++";
				CLANG_ENABLE_MODULES = YES;
				CLANG_ENABLE_OBJC_ARC = YES;
				CLANG_WARN_BOOL_CONVERSION = YES;
				CLANG_WARN_CONSTANT_CONVERSION = YES;
				CLANG_WARN_DIRECT_OBJC_ISA_USAGE = YES_ERROR;
				CLANG_WARN_EMPTY_BODY = YES;
				CLANG_WARN_ENUM_CONVERSION = YES;
				CLANG_WARN_INT_CONVERSION = YES;
				CLANG_WARN_OBJC_ROOT_CLASS = YES_ERROR;
				CLANG_WARN_UNREACHABLE_CODE = YES;
				CLANG_WARN__DUPLICATE_METHOD_MATCH = YES;
				"CODE_SIGN_IDENTITY[sdk=iphoneos*]" = "iPhone Developer";
				COPY_PHASE_STRIP = NO;
				DEBUG_INFORMATION_FORMAT = dwarf;
				ENABLE_STRICT_OBJC_MSGSEND = YES;
				ENABLE_TESTABILITY = YES;
				GCC_C_LANGUAGE_STANDARD = gnu99;
				GCC_DYNAMIC_NO_PIC = NO;
				GCC_NO_COMMON_BLOCKS = YES;
				GCC_OPTIMIZATION_LEVEL = 0;
				GCC_PREPROCESSOR_DEFINITIONS = (
					"DEBUG=1",
					"$(inherited)",
				);
				GCC_WARN_64_TO_32_BIT_CONVERSION = YES;
				GCC_WARN_ABOUT_RETURN_TYPE = YES_ERROR;
				GCC_WARN_UNDECLARED_SELECTOR = YES;
				GCC_WARN_UNINITIALIZED_AUTOS = YES_AGGRESSIVE;
				GCC_WARN_UNUSED_FUNCTION = YES;
				GCC_WARN_UNUSED_VARIABLE = YES;
				IPHONEOS_DEPLOYMENT_TARGET = 9.3;
				MTL_ENABLE_DEBUG_INFO = YES;
				ONLY_ACTIVE_ARCH = YES;
				SDKROOT = iphoneos;
				SWIFT_OPTIMIZATION_LEVEL = "-Onone";
				TARGETED_DEVICE_FAMILY = "1,2";
			};
			name = Debug;
		};
		2899B6A11D17DCB900E5AB5A /* Release */ = {
			isa = XCBuildConfiguration;
			buildSettings = {
				ALWAYS_SEARCH_USER_PATHS = NO;
				CLANG_ANALYZER_NONNULL = YES;
				CLANG_CXX_LANGUAGE_STANDARD = "gnu++0x";
				CLANG_CXX_LIBRARY = "libc++";
				CLANG_ENABLE_MODULES = YES;
				CLANG_ENABLE_OBJC_ARC = YES;
				CLANG_WARN_BOOL_CONVERSION = YES;
				CLANG_WARN_CONSTANT_CONVERSION = YES;
				CLANG_WARN_DIRECT_OBJC_ISA_USAGE = YES_ERROR;
				CLANG_WARN_EMPTY_BODY = YES;
				CLANG_WARN_ENUM_CONVERSION = YES;
				CLANG_WARN_INT_CONVERSION = YES;
				CLANG_WARN_OBJC_ROOT_CLASS = YES_ERROR;
				CLANG_WARN_UNREACHABLE_CODE = YES;
				CLANG_WARN__DUPLICATE_METHOD_MATCH = YES;
				"CODE_SIGN_IDENTITY[sdk=iphoneos*]" = "iPhone Developer";
				COPY_PHASE_STRIP = NO;
				DEBUG_INFORMATION_FORMAT = "dwarf-with-dsym";
				ENABLE_NS_ASSERTIONS = NO;
				ENABLE_STRICT_OBJC_MSGSEND = YES;
				GCC_C_LANGUAGE_STANDARD = gnu99;
				GCC_NO_COMMON_BLOCKS = YES;
				GCC_WARN_64_TO_32_BIT_CONVERSION = YES;
				GCC_WARN_ABOUT_RETURN_TYPE = YES_ERROR;
				GCC_WARN_UNDECLARED_SELECTOR = YES;
				GCC_WARN_UNINITIALIZED_AUTOS = YES_AGGRESSIVE;
				GCC_WARN_UNUSED_FUNCTION = YES;
				GCC_WARN_UNUSED_VARIABLE = YES;
				IPHONEOS_DEPLOYMENT_TARGET = 9.3;
				MTL_ENABLE_DEBUG_INFO = NO;
				SDKROOT = iphoneos;
				TARGETED_DEVICE_FAMILY = "1,2";
				VALIDATE_PRODUCT = YES;
			};
			name = Release;
		};
		2899B6A31D17DCB900E5AB5A /* Debug */ = {
			isa = XCBuildConfiguration;
			buildSettings = {
				ASSETCATALOG_COMPILER_APPICON_NAME = AppIcon;
				INFOPLIST_FILE = DLCardViewCollectionView/Info.plist;
				LD_RUNPATH_SEARCH_PATHS = "$(inherited) @executable_path/Frameworks";
				PRODUCT_BUNDLE_IDENTIFIER = luuvan.DLCardViewCollectionView;
				PRODUCT_NAME = "$(TARGET_NAME)";
			};
			name = Debug;
		};
		2899B6A41D17DCB900E5AB5A /* Release */ = {
			isa = XCBuildConfiguration;
			buildSettings = {
				ASSETCATALOG_COMPILER_APPICON_NAME = AppIcon;
				INFOPLIST_FILE = DLCardViewCollectionView/Info.plist;
				LD_RUNPATH_SEARCH_PATHS = "$(inherited) @executable_path/Frameworks";
				PRODUCT_BUNDLE_IDENTIFIER = luuvan.DLCardViewCollectionView;
				PRODUCT_NAME = "$(TARGET_NAME)";
			};
			name = Release;
		};
/* End XCBuildConfiguration section */

/* Begin XCConfigurationList section */
		2899B68B1D17DCB900E5AB5A /* Build configuration list for PBXProject "DLCardViewCollectionView" */ = {
			isa = XCConfigurationList;
			buildConfigurations = (
				2899B6A01D17DCB900E5AB5A /* Debug */,
				2899B6A11D17DCB900E5AB5A /* Release */,
			);
			defaultConfigurationIsVisible = 0;
			defaultConfigurationName = Release;
		};
		2899B6A21D17DCB900E5AB5A /* Build configuration list for PBXNativeTarget "DLCardViewCollectionView" */ = {
			isa = XCConfigurationList;
			buildConfigurations = (
				2899B6A31D17DCB900E5AB5A /* Debug */,
				2899B6A41D17DCB900E5AB5A /* Release */,
			);
			defaultConfigurationIsVisible = 0;
		};
/* End XCConfigurationList section */
	};
	rootObject = 2899B6881D17DCB900E5AB5A /* Project object */;
}
